// !$*UTF8*$!
{
	archiveVersion = 1;
	classes = {
	};
	objectVersion = 56;
	objects = {

/* Begin PBXBuildFile section */
		4836BE562C6F2A9600D0E84D /* README.md in Resources */ = {isa = PBXBuildFile; fileRef = 4836BE552C6F2A9600D0E84D /* README.md */; };
		4836BE592C6F32F200D0E84D /* Coordinator.swift in Sources */ = {isa = PBXBuildFile; fileRef = 4836BE582C6F32F200D0E84D /* Coordinator.swift */; };
		4836BE5B2C6F39E600D0E84D /* HomeCoordinator.swift in Sources */ = {isa = PBXBuildFile; fileRef = 4836BE5A2C6F39E600D0E84D /* HomeCoordinator.swift */; };
		4836BE5D2C6F407E00D0E84D /* NavigationCoordinator.swift in Sources */ = {isa = PBXBuildFile; fileRef = 4836BE5C2C6F407E00D0E84D /* NavigationCoordinator.swift */; };
		4836BE5F2C6F409F00D0E84D /* TabCoordinator.swift in Sources */ = {isa = PBXBuildFile; fileRef = 4836BE5E2C6F409F00D0E84D /* TabCoordinator.swift */; };
		4836BE692C6F443300D0E84D /* .swiftlint.yml in Resources */ = {isa = PBXBuildFile; fileRef = 4836BE672C6F443300D0E84D /* .swiftlint.yml */; };
		4836BE6A2C6F443300D0E84D /* .swiftformat in Resources */ = {isa = PBXBuildFile; fileRef = 4836BE682C6F443300D0E84D /* .swiftformat */; };
		48A0734C2C6EF87A00795C41 /* AppDelegate.swift in Sources */ = {isa = PBXBuildFile; fileRef = 48A0734B2C6EF87A00795C41 /* AppDelegate.swift */; };
		48A0734E2C6EF87A00795C41 /* SceneDelegate.swift in Sources */ = {isa = PBXBuildFile; fileRef = 48A0734D2C6EF87A00795C41 /* SceneDelegate.swift */; };
		48A073502C6EF87A00795C41 /* AppCoordinator.swift in Sources */ = {isa = PBXBuildFile; fileRef = 48A0734F2C6EF87A00795C41 /* AppCoordinator.swift */; };
		48A073552C6EF87B00795C41 /* Assets.xcassets in Resources */ = {isa = PBXBuildFile; fileRef = 48A073542C6EF87B00795C41 /* Assets.xcassets */; };
		48A073582C6EF87B00795C41 /* Base in Resources */ = {isa = PBXBuildFile; fileRef = 48A073572C6EF87B00795C41 /* Base */; };
		48A073632C6EF87B00795C41 /* BankAppDemoTests.swift in Sources */ = {isa = PBXBuildFile; fileRef = 48A073622C6EF87B00795C41 /* BankAppDemoTests.swift */; };
		48A0736D2C6EF87B00795C41 /* BankAppDemoUITests.swift in Sources */ = {isa = PBXBuildFile; fileRef = 48A0736C2C6EF87B00795C41 /* BankAppDemoUITests.swift */; };
		48A0736F2C6EF87B00795C41 /* BankAppDemoUITestsLaunchTests.swift in Sources */ = {isa = PBXBuildFile; fileRef = 48A0736E2C6EF87B00795C41 /* BankAppDemoUITestsLaunchTests.swift */; };
		48A0738D2C6F225600795C41 /* friend1.json in Resources */ = {isa = PBXBuildFile; fileRef = 48A073882C6F225600795C41 /* friend1.json */; };
		48A0738E2C6F225600795C41 /* friend3.json in Resources */ = {isa = PBXBuildFile; fileRef = 48A073892C6F225600795C41 /* friend3.json */; };
		48A0738F2C6F225600795C41 /* friend2.json in Resources */ = {isa = PBXBuildFile; fileRef = 48A0738A2C6F225600795C41 /* friend2.json */; };
		48A073902C6F225600795C41 /* man.json in Resources */ = {isa = PBXBuildFile; fileRef = 48A0738B2C6F225600795C41 /* man.json */; };
		48A073912C6F225600795C41 /* friend4.json in Resources */ = {isa = PBXBuildFile; fileRef = 48A0738C2C6F225600795C41 /* friend4.json */; };
		48A073932C6F230000795C41 /* Color+Additions.swift in Sources */ = {isa = PBXBuildFile; fileRef = 48A073922C6F230000795C41 /* Color+Additions.swift */; };
		48A073962C6F233500795C41 /* friends-tab-layout.swift in Sources */ = {isa = PBXBuildFile; fileRef = 48A073942C6F233500795C41 /* friends-tab-layout.swift */; };
		48A073972C6F233500795C41 /* friends-list-mvvm-coordinator.swift in Sources */ = {isa = PBXBuildFile; fileRef = 48A073952C6F233500795C41 /* friends-list-mvvm-coordinator.swift */; };
		48CD5CF02C6FA7FA00EC63EF /* LoginCoordinator.swift in Sources */ = {isa = PBXBuildFile; fileRef = 48CD5CEF2C6FA7FA00EC63EF /* LoginCoordinator.swift */; };
		48CD5CF82C6FA91200EC63EF /* AuthenticationService.swift in Sources */ = {isa = PBXBuildFile; fileRef = 48CD5CF72C6FA91200EC63EF /* AuthenticationService.swift */; };
		48CD5CFA2C6FA94700EC63EF /* FriendsService.swift in Sources */ = {isa = PBXBuildFile; fileRef = 48CD5CF92C6FA94700EC63EF /* FriendsService.swift */; };
		48CD5D012C6FAB5C00EC63EF /* FriendsListViewModel.swift in Sources */ = {isa = PBXBuildFile; fileRef = 48CD5CFF2C6FAB5C00EC63EF /* FriendsListViewModel.swift */; };
		48CD5D022C6FAB5C00EC63EF /* LoginViewModel.swift in Sources */ = {isa = PBXBuildFile; fileRef = 48CD5D002C6FAB5C00EC63EF /* LoginViewModel.swift */; };
		48CD5D052C6FAB6700EC63EF /* FriendsListViewController.swift in Sources */ = {isa = PBXBuildFile; fileRef = 48CD5D032C6FAB6700EC63EF /* FriendsListViewController.swift */; };
		48CD5D062C6FAB6700EC63EF /* LoginViewController.swift in Sources */ = {isa = PBXBuildFile; fileRef = 48CD5D042C6FAB6700EC63EF /* LoginViewController.swift */; };
		48CD5D082C6FAB7300EC63EF /* Friend.swift in Sources */ = {isa = PBXBuildFile; fileRef = 48CD5D072C6FAB7300EC63EF /* Friend.swift */; };
/* End PBXBuildFile section */

/* Begin PBXContainerItemProxy section */
		48A0735F2C6EF87B00795C41 /* PBXContainerItemProxy */ = {
			isa = PBXContainerItemProxy;
			containerPortal = 48A073402C6EF87A00795C41 /* Project object */;
			proxyType = 1;
			remoteGlobalIDString = 48A073472C6EF87A00795C41;
			remoteInfo = BankAppDemo;
		};
		48A073692C6EF87B00795C41 /* PBXContainerItemProxy */ = {
			isa = PBXContainerItemProxy;
			containerPortal = 48A073402C6EF87A00795C41 /* Project object */;
			proxyType = 1;
			remoteGlobalIDString = 48A073472C6EF87A00795C41;
			remoteInfo = BankAppDemo;
		};
/* End PBXContainerItemProxy section */

/* Begin PBXFileReference section */
		4836BE552C6F2A9600D0E84D /* README.md */ = {isa = PBXFileReference; fileEncoding = 4; lastKnownFileType = net.daringfireball.markdown; path = README.md; sourceTree = "<group>"; };
		4836BE582C6F32F200D0E84D /* Coordinator.swift */ = {isa = PBXFileReference; lastKnownFileType = sourcecode.swift; path = Coordinator.swift; sourceTree = "<group>"; };
		4836BE5A2C6F39E600D0E84D /* HomeCoordinator.swift */ = {isa = PBXFileReference; lastKnownFileType = sourcecode.swift; path = HomeCoordinator.swift; sourceTree = "<group>"; };
		4836BE5C2C6F407E00D0E84D /* NavigationCoordinator.swift */ = {isa = PBXFileReference; lastKnownFileType = sourcecode.swift; path = NavigationCoordinator.swift; sourceTree = "<group>"; };
		4836BE5E2C6F409F00D0E84D /* TabCoordinator.swift */ = {isa = PBXFileReference; lastKnownFileType = sourcecode.swift; path = TabCoordinator.swift; sourceTree = "<group>"; };
		4836BE672C6F443300D0E84D /* .swiftlint.yml */ = {isa = PBXFileReference; fileEncoding = 4; lastKnownFileType = text.yaml; path = .swiftlint.yml; sourceTree = "<group>"; };
		4836BE682C6F443300D0E84D /* .swiftformat */ = {isa = PBXFileReference; fileEncoding = 4; lastKnownFileType = text; path = .swiftformat; sourceTree = "<group>"; };
		48A073482C6EF87A00795C41 /* BankAppDemo.app */ = {isa = PBXFileReference; explicitFileType = wrapper.application; includeInIndex = 0; path = BankAppDemo.app; sourceTree = BUILT_PRODUCTS_DIR; };
		48A0734B2C6EF87A00795C41 /* AppDelegate.swift */ = {isa = PBXFileReference; lastKnownFileType = sourcecode.swift; path = AppDelegate.swift; sourceTree = "<group>"; };
		48A0734D2C6EF87A00795C41 /* SceneDelegate.swift */ = {isa = PBXFileReference; lastKnownFileType = sourcecode.swift; path = SceneDelegate.swift; sourceTree = "<group>"; };
		48A0734F2C6EF87A00795C41 /* AppCoordinator.swift */ = {isa = PBXFileReference; lastKnownFileType = sourcecode.swift; path = AppCoordinator.swift; sourceTree = "<group>"; };
		48A073542C6EF87B00795C41 /* Assets.xcassets */ = {isa = PBXFileReference; lastKnownFileType = folder.assetcatalog; path = Assets.xcassets; sourceTree = "<group>"; };
		48A073572C6EF87B00795C41 /* Base */ = {isa = PBXFileReference; lastKnownFileType = file.storyboard; name = Base; path = Base.lproj/LaunchScreen.storyboard; sourceTree = "<group>"; };
		48A073592C6EF87B00795C41 /* Info.plist */ = {isa = PBXFileReference; lastKnownFileType = text.plist.xml; name = Info.plist; path = BankAppDemo/Resources/Info.plist; sourceTree = SOURCE_ROOT; };
		48A0735E2C6EF87B00795C41 /* BankAppDemoTests.xctest */ = {isa = PBXFileReference; explicitFileType = wrapper.cfbundle; includeInIndex = 0; path = BankAppDemoTests.xctest; sourceTree = BUILT_PRODUCTS_DIR; };
		48A073622C6EF87B00795C41 /* BankAppDemoTests.swift */ = {isa = PBXFileReference; lastKnownFileType = sourcecode.swift; path = BankAppDemoTests.swift; sourceTree = "<group>"; };
		48A073682C6EF87B00795C41 /* BankAppDemoUITests.xctest */ = {isa = PBXFileReference; explicitFileType = wrapper.cfbundle; includeInIndex = 0; path = BankAppDemoUITests.xctest; sourceTree = BUILT_PRODUCTS_DIR; };
		48A0736C2C6EF87B00795C41 /* BankAppDemoUITests.swift */ = {isa = PBXFileReference; lastKnownFileType = sourcecode.swift; path = BankAppDemoUITests.swift; sourceTree = "<group>"; };
		48A0736E2C6EF87B00795C41 /* BankAppDemoUITestsLaunchTests.swift */ = {isa = PBXFileReference; lastKnownFileType = sourcecode.swift; path = BankAppDemoUITestsLaunchTests.swift; sourceTree = "<group>"; };
		48A073882C6F225600795C41 /* friend1.json */ = {isa = PBXFileReference; fileEncoding = 4; lastKnownFileType = text.json; path = friend1.json; sourceTree = "<group>"; };
		48A073892C6F225600795C41 /* friend3.json */ = {isa = PBXFileReference; fileEncoding = 4; lastKnownFileType = text.json; path = friend3.json; sourceTree = "<group>"; };
		48A0738A2C6F225600795C41 /* friend2.json */ = {isa = PBXFileReference; fileEncoding = 4; lastKnownFileType = text.json; path = friend2.json; sourceTree = "<group>"; };
		48A0738B2C6F225600795C41 /* man.json */ = {isa = PBXFileReference; fileEncoding = 4; lastKnownFileType = text.json; path = man.json; sourceTree = "<group>"; };
		48A0738C2C6F225600795C41 /* friend4.json */ = {isa = PBXFileReference; fileEncoding = 4; lastKnownFileType = text.json; path = friend4.json; sourceTree = "<group>"; };
		48A073922C6F230000795C41 /* Color+Additions.swift */ = {isa = PBXFileReference; fileEncoding = 4; lastKnownFileType = sourcecode.swift; path = "Color+Additions.swift"; sourceTree = "<group>"; };
		48A073942C6F233500795C41 /* friends-tab-layout.swift */ = {isa = PBXFileReference; fileEncoding = 4; lastKnownFileType = sourcecode.swift; path = "friends-tab-layout.swift"; sourceTree = "<group>"; };
		48A073952C6F233500795C41 /* friends-list-mvvm-coordinator.swift */ = {isa = PBXFileReference; fileEncoding = 4; lastKnownFileType = sourcecode.swift; path = "friends-list-mvvm-coordinator.swift"; sourceTree = "<group>"; };
		48CD5CEF2C6FA7FA00EC63EF /* LoginCoordinator.swift */ = {isa = PBXFileReference; lastKnownFileType = sourcecode.swift; path = LoginCoordinator.swift; sourceTree = "<group>"; };
		48CD5CF72C6FA91200EC63EF /* AuthenticationService.swift */ = {isa = PBXFileReference; lastKnownFileType = sourcecode.swift; path = AuthenticationService.swift; sourceTree = "<group>"; };
		48CD5CF92C6FA94700EC63EF /* FriendsService.swift */ = {isa = PBXFileReference; lastKnownFileType = sourcecode.swift; path = FriendsService.swift; sourceTree = "<group>"; };
		48CD5CFF2C6FAB5C00EC63EF /* FriendsListViewModel.swift */ = {isa = PBXFileReference; fileEncoding = 4; lastKnownFileType = sourcecode.swift; path = FriendsListViewModel.swift; sourceTree = "<group>"; };
		48CD5D002C6FAB5C00EC63EF /* LoginViewModel.swift */ = {isa = PBXFileReference; fileEncoding = 4; lastKnownFileType = sourcecode.swift; path = LoginViewModel.swift; sourceTree = "<group>"; };
		48CD5D032C6FAB6700EC63EF /* FriendsListViewController.swift */ = {isa = PBXFileReference; fileEncoding = 4; lastKnownFileType = sourcecode.swift; path = FriendsListViewController.swift; sourceTree = "<group>"; };
		48CD5D042C6FAB6700EC63EF /* LoginViewController.swift */ = {isa = PBXFileReference; fileEncoding = 4; lastKnownFileType = sourcecode.swift; path = LoginViewController.swift; sourceTree = "<group>"; };
		48CD5D072C6FAB7300EC63EF /* Friend.swift */ = {isa = PBXFileReference; fileEncoding = 4; lastKnownFileType = sourcecode.swift; path = Friend.swift; sourceTree = "<group>"; };
/* End PBXFileReference section */

/* Begin PBXFrameworksBuildPhase section */
		48A073452C6EF87A00795C41 /* Frameworks */ = {
			isa = PBXFrameworksBuildPhase;
			buildActionMask = 2147483647;
			files = (
			);
			runOnlyForDeploymentPostprocessing = 0;
		};
		48A0735B2C6EF87B00795C41 /* Frameworks */ = {
			isa = PBXFrameworksBuildPhase;
			buildActionMask = 2147483647;
			files = (
			);
			runOnlyForDeploymentPostprocessing = 0;
		};
		48A073652C6EF87B00795C41 /* Frameworks */ = {
			isa = PBXFrameworksBuildPhase;
			buildActionMask = 2147483647;
			files = (
			);
			runOnlyForDeploymentPostprocessing = 0;
		};
/* End PBXFrameworksBuildPhase section */

/* Begin PBXGroup section */
		48A0733F2C6EF87A00795C41 = {
			isa = PBXGroup;
			children = (
				4836BE552C6F2A9600D0E84D /* README.md */,
				4836BE682C6F443300D0E84D /* .swiftformat */,
				4836BE672C6F443300D0E84D /* .swiftlint.yml */,
				48A0734A2C6EF87A00795C41 /* BankAppDemo */,
				48A073612C6EF87B00795C41 /* BankAppDemoTests */,
				48A0736B2C6EF87B00795C41 /* BankAppDemoUITests */,
				48A073492C6EF87A00795C41 /* Products */,
			);
			sourceTree = "<group>";
		};
		48A073492C6EF87A00795C41 /* Products */ = {
			isa = PBXGroup;
			children = (
				48A073482C6EF87A00795C41 /* BankAppDemo.app */,
				48A0735E2C6EF87B00795C41 /* BankAppDemoTests.xctest */,
				48A073682C6EF87B00795C41 /* BankAppDemoUITests.xctest */,
			);
			name = Products;
			sourceTree = "<group>";
		};
		48A0734A2C6EF87A00795C41 /* BankAppDemo */ = {
			isa = PBXGroup;
			children = (
				48A073832C6EFE3900795C41 /* Application */,
				48A073822C6EFE2600795C41 /* Coordinators */,
				48A073812C6EFE1000795C41 /* ViewModels */,
				48A073802C6EFDE100795C41 /* Views */,
				48A0737F2C6EFDCF00795C41 /* Models */,
				48A0737E2C6EFDB800795C41 /* Services */,
				48A0737D2C6EFDA200795C41 /* Resources */,
			);
			path = BankAppDemo;
			sourceTree = "<group>";
		};
		48A073612C6EF87B00795C41 /* BankAppDemoTests */ = {
			isa = PBXGroup;
			children = (
				48A073622C6EF87B00795C41 /* BankAppDemoTests.swift */,
			);
			path = BankAppDemoTests;
			sourceTree = "<group>";
		};
		48A0736B2C6EF87B00795C41 /* BankAppDemoUITests */ = {
			isa = PBXGroup;
			children = (
				48A0736C2C6EF87B00795C41 /* BankAppDemoUITests.swift */,
				48A0736E2C6EF87B00795C41 /* BankAppDemoUITestsLaunchTests.swift */,
			);
			path = BankAppDemoUITests;
			sourceTree = "<group>";
		};
		48A0737D2C6EFDA200795C41 /* Resources */ = {
			isa = PBXGroup;
			children = (
				48A073922C6F230000795C41 /* Color+Additions.swift */,
				48A073542C6EF87B00795C41 /* Assets.xcassets */,
				48A073592C6EF87B00795C41 /* Info.plist */,
				48A073562C6EF87B00795C41 /* LaunchScreen.storyboard */,
			);
			path = Resources;
			sourceTree = "<group>";
		};
		48A0737E2C6EFDB800795C41 /* Services */ = {
			isa = PBXGroup;
			children = (
				48CD5CF72C6FA91200EC63EF /* AuthenticationService.swift */,
				48CD5CF92C6FA94700EC63EF /* FriendsService.swift */,
				48A073882C6F225600795C41 /* friend1.json */,
				48A0738A2C6F225600795C41 /* friend2.json */,
				48A073892C6F225600795C41 /* friend3.json */,
				48A0738C2C6F225600795C41 /* friend4.json */,
				48A0738B2C6F225600795C41 /* man.json */,
			);
			path = Services;
			sourceTree = "<group>";
		};
		48A0737F2C6EFDCF00795C41 /* Models */ = {
			isa = PBXGroup;
			children = (
				48CD5D072C6FAB7300EC63EF /* Friend.swift */,
			);
			path = Models;
			sourceTree = "<group>";
		};
		48A073802C6EFDE100795C41 /* Views */ = {
			isa = PBXGroup;
			children = (
				48CD5D042C6FAB6700EC63EF /* LoginViewController.swift */,
				48CD5D032C6FAB6700EC63EF /* FriendsListViewController.swift */,
			);
			path = Views;
			sourceTree = "<group>";
		};
		48A073812C6EFE1000795C41 /* ViewModels */ = {
			isa = PBXGroup;
			children = (
				48CD5D002C6FAB5C00EC63EF /* LoginViewModel.swift */,
				48CD5CFF2C6FAB5C00EC63EF /* FriendsListViewModel.swift */,
			);
			path = ViewModels;
			sourceTree = "<group>";
		};
		48A073822C6EFE2600795C41 /* Coordinators */ = {
			isa = PBXGroup;
			children = (
				48A073952C6F233500795C41 /* friends-list-mvvm-coordinator.swift */,
				48A073942C6F233500795C41 /* friends-tab-layout.swift */,
				4836BE582C6F32F200D0E84D /* Coordinator.swift */,
				4836BE5C2C6F407E00D0E84D /* NavigationCoordinator.swift */,
				4836BE5E2C6F409F00D0E84D /* TabCoordinator.swift */,
				48CD5CEF2C6FA7FA00EC63EF /* LoginCoordinator.swift */,
				4836BE5A2C6F39E600D0E84D /* HomeCoordinator.swift */,
			);
			path = Coordinators;
			sourceTree = "<group>";
		};
		48A073832C6EFE3900795C41 /* Application */ = {
			isa = PBXGroup;
			children = (
				48A0734F2C6EF87A00795C41 /* AppCoordinator.swift */,
				48A0734B2C6EF87A00795C41 /* AppDelegate.swift */,
				48A0734D2C6EF87A00795C41 /* SceneDelegate.swift */,
			);
			path = Application;
			sourceTree = "<group>";
		};
/* End PBXGroup section */

/* Begin PBXNativeTarget section */
		48A073472C6EF87A00795C41 /* BankAppDemo */ = {
			isa = PBXNativeTarget;
			buildConfigurationList = 48A073722C6EF87B00795C41 /* Build configuration list for PBXNativeTarget "BankAppDemo" */;
			buildPhases = (
				4836BE602C6F42D000D0E84D /* ShellScript */,
				48A073442C6EF87A00795C41 /* Sources */,
				48A073452C6EF87A00795C41 /* Frameworks */,
				48A073462C6EF87A00795C41 /* Resources */,
			);
			buildRules = (
			);
			dependencies = (
			);
			name = BankAppDemo;
			productName = BankAppDemo;
			productReference = 48A073482C6EF87A00795C41 /* BankAppDemo.app */;
			productType = "com.apple.product-type.application";
		};
		48A0735D2C6EF87B00795C41 /* BankAppDemoTests */ = {
			isa = PBXNativeTarget;
			buildConfigurationList = 48A073752C6EF87B00795C41 /* Build configuration list for PBXNativeTarget "BankAppDemoTests" */;
			buildPhases = (
				48A0735A2C6EF87B00795C41 /* Sources */,
				48A0735B2C6EF87B00795C41 /* Frameworks */,
				48A0735C2C6EF87B00795C41 /* Resources */,
			);
			buildRules = (
			);
			dependencies = (
				48A073602C6EF87B00795C41 /* PBXTargetDependency */,
			);
			name = BankAppDemoTests;
			productName = BankAppDemoTests;
			productReference = 48A0735E2C6EF87B00795C41 /* BankAppDemoTests.xctest */;
			productType = "com.apple.product-type.bundle.unit-test";
		};
		48A073672C6EF87B00795C41 /* BankAppDemoUITests */ = {
			isa = PBXNativeTarget;
			buildConfigurationList = 48A073782C6EF87B00795C41 /* Build configuration list for PBXNativeTarget "BankAppDemoUITests" */;
			buildPhases = (
				48A073642C6EF87B00795C41 /* Sources */,
				48A073652C6EF87B00795C41 /* Frameworks */,
				48A073662C6EF87B00795C41 /* Resources */,
			);
			buildRules = (
			);
			dependencies = (
				48A0736A2C6EF87B00795C41 /* PBXTargetDependency */,
			);
			name = BankAppDemoUITests;
			productName = BankAppDemoUITests;
			productReference = 48A073682C6EF87B00795C41 /* BankAppDemoUITests.xctest */;
			productType = "com.apple.product-type.bundle.ui-testing";
		};
/* End PBXNativeTarget section */

/* Begin PBXProject section */
		48A073402C6EF87A00795C41 /* Project object */ = {
			isa = PBXProject;
			attributes = {
				BuildIndependentTargetsInParallel = 1;
				LastSwiftUpdateCheck = 1540;
				LastUpgradeCheck = 1540;
				TargetAttributes = {
					48A073472C6EF87A00795C41 = {
						CreatedOnToolsVersion = 15.4;
					};
					48A0735D2C6EF87B00795C41 = {
						CreatedOnToolsVersion = 15.4;
						TestTargetID = 48A073472C6EF87A00795C41;
					};
					48A073672C6EF87B00795C41 = {
						CreatedOnToolsVersion = 15.4;
						TestTargetID = 48A073472C6EF87A00795C41;
					};
				};
			};
			buildConfigurationList = 48A073432C6EF87A00795C41 /* Build configuration list for PBXProject "BankAppDemo" */;
			compatibilityVersion = "Xcode 14.0";
			developmentRegion = en;
			hasScannedForEncodings = 0;
			knownRegions = (
				en,
				Base,
			);
			mainGroup = 48A0733F2C6EF87A00795C41;
			packageReferences = (
				4836BE572C6F317B00D0E84D /* XCRemoteSwiftPackageReference "SnapKit" */,
			);
			productRefGroup = 48A073492C6EF87A00795C41 /* Products */;
			projectDirPath = "";
			projectRoot = "";
			targets = (
				48A073472C6EF87A00795C41 /* BankAppDemo */,
				48A0735D2C6EF87B00795C41 /* BankAppDemoTests */,
				48A073672C6EF87B00795C41 /* BankAppDemoUITests */,
			);
		};
/* End PBXProject section */

/* Begin PBXResourcesBuildPhase section */
		48A073462C6EF87A00795C41 /* Resources */ = {
			isa = PBXResourcesBuildPhase;
			buildActionMask = 2147483647;
			files = (
				4836BE6A2C6F443300D0E84D /* .swiftformat in Resources */,
				4836BE692C6F443300D0E84D /* .swiftlint.yml in Resources */,
				48A073912C6F225600795C41 /* friend4.json in Resources */,
				48A073902C6F225600795C41 /* man.json in Resources */,
				48A0738D2C6F225600795C41 /* friend1.json in Resources */,
				48A0738F2C6F225600795C41 /* friend2.json in Resources */,
				48A073552C6EF87B00795C41 /* Assets.xcassets in Resources */,
				48A073582C6EF87B00795C41 /* Base in Resources */,
				4836BE562C6F2A9600D0E84D /* README.md in Resources */,
				48A0738E2C6F225600795C41 /* friend3.json in Resources */,
			);
			runOnlyForDeploymentPostprocessing = 0;
		};
		48A0735C2C6EF87B00795C41 /* Resources */ = {
			isa = PBXResourcesBuildPhase;
			buildActionMask = 2147483647;
			files = (
			);
			runOnlyForDeploymentPostprocessing = 0;
		};
		48A073662C6EF87B00795C41 /* Resources */ = {
			isa = PBXResourcesBuildPhase;
			buildActionMask = 2147483647;
			files = (
			);
			runOnlyForDeploymentPostprocessing = 0;
		};
/* End PBXResourcesBuildPhase section */

/* Begin PBXShellScriptBuildPhase section */
		4836BE602C6F42D000D0E84D /* ShellScript */ = {
			isa = PBXShellScriptBuildPhase;
			alwaysOutOfDate = 1;
			buildActionMask = 2147483647;
			files = (
			);
			inputFileListPaths = (
			);
			inputPaths = (
			);
			outputFileListPaths = (
			);
			outputPaths = (
			);
			runOnlyForDeploymentPostprocessing = 0;
			shellPath = /bin/sh;
			shellScript = "# Type a script or drag a script file from your workspace to insert its path.\n# exit 0\nif [[ \"$(uname -m)\" == arm64 ]]; then\n    export PATH=\"/opt/homebrew/bin:$PATH\"\nfi\n\nif which swiftlint > /dev/null; then\n    swiftlint --fix && swiftlint\nelse\n    echo \"warning: SwiftLint not installed, download from https://github.com/realm/SwiftLint\"\nfi\n\nif which swiftformat >/dev/null; then\n    swiftformat .\nelse\n    echo \"warning: SwiftFormat not installed.\"\nfi\n";
		};
/* End PBXShellScriptBuildPhase section */

/* Begin PBXSourcesBuildPhase section */
		48A073442C6EF87A00795C41 /* Sources */ = {
			isa = PBXSourcesBuildPhase;
			buildActionMask = 2147483647;
			files = (
				48CD5D052C6FAB6700EC63EF /* FriendsListViewController.swift in Sources */,
				4836BE5F2C6F409F00D0E84D /* TabCoordinator.swift in Sources */,
				48A073502C6EF87A00795C41 /* AppCoordinator.swift in Sources */,
				48A073932C6F230000795C41 /* Color+Additions.swift in Sources */,
				48A073972C6F233500795C41 /* friends-list-mvvm-coordinator.swift in Sources */,
				48CD5CF02C6FA7FA00EC63EF /* LoginCoordinator.swift in Sources */,
				48A0734C2C6EF87A00795C41 /* AppDelegate.swift in Sources */,
				48CD5D012C6FAB5C00EC63EF /* FriendsListViewModel.swift in Sources */,
				48CD5CF82C6FA91200EC63EF /* AuthenticationService.swift in Sources */,
				48CD5D022C6FAB5C00EC63EF /* LoginViewModel.swift in Sources */,
				4836BE5D2C6F407E00D0E84D /* NavigationCoordinator.swift in Sources */,
				48CD5CFA2C6FA94700EC63EF /* FriendsService.swift in Sources */,
				48A073962C6F233500795C41 /* friends-tab-layout.swift in Sources */,
				48CD5D062C6FAB6700EC63EF /* LoginViewController.swift in Sources */,
				4836BE5B2C6F39E600D0E84D /* HomeCoordinator.swift in Sources */,
				48CD5D082C6FAB7300EC63EF /* Friend.swift in Sources */,
				48A0734E2C6EF87A00795C41 /* SceneDelegate.swift in Sources */,
				4836BE592C6F32F200D0E84D /* Coordinator.swift in Sources */,
			);
			runOnlyForDeploymentPostprocessing = 0;
		};
		48A0735A2C6EF87B00795C41 /* Sources */ = {
			isa = PBXSourcesBuildPhase;
			buildActionMask = 2147483647;
			files = (
				48A073632C6EF87B00795C41 /* BankAppDemoTests.swift in Sources */,
			);
			runOnlyForDeploymentPostprocessing = 0;
		};
		48A073642C6EF87B00795C41 /* Sources */ = {
			isa = PBXSourcesBuildPhase;
			buildActionMask = 2147483647;
			files = (
				48A0736D2C6EF87B00795C41 /* BankAppDemoUITests.swift in Sources */,
				48A0736F2C6EF87B00795C41 /* BankAppDemoUITestsLaunchTests.swift in Sources */,
			);
			runOnlyForDeploymentPostprocessing = 0;
		};
/* End PBXSourcesBuildPhase section */

/* Begin PBXTargetDependency section */
		48A073602C6EF87B00795C41 /* PBXTargetDependency */ = {
			isa = PBXTargetDependency;
			target = 48A073472C6EF87A00795C41 /* BankAppDemo */;
			targetProxy = 48A0735F2C6EF87B00795C41 /* PBXContainerItemProxy */;
		};
		48A0736A2C6EF87B00795C41 /* PBXTargetDependency */ = {
			isa = PBXTargetDependency;
			target = 48A073472C6EF87A00795C41 /* BankAppDemo */;
			targetProxy = 48A073692C6EF87B00795C41 /* PBXContainerItemProxy */;
		};
/* End PBXTargetDependency section */

/* Begin PBXVariantGroup section */
		48A073562C6EF87B00795C41 /* LaunchScreen.storyboard */ = {
			isa = PBXVariantGroup;
			children = (
				48A073572C6EF87B00795C41 /* Base */,
			);
			name = LaunchScreen.storyboard;
			sourceTree = "<group>";
		};
/* End PBXVariantGroup section */

/* Begin XCBuildConfiguration section */
		48A073702C6EF87B00795C41 /* Debug */ = {
			isa = XCBuildConfiguration;
			buildSettings = {
				ALWAYS_SEARCH_USER_PATHS = NO;
				ASSETCATALOG_COMPILER_GENERATE_SWIFT_ASSET_SYMBOL_EXTENSIONS = YES;
				CLANG_ANALYZER_NONNULL = YES;
				CLANG_ANALYZER_NUMBER_OBJECT_CONVERSION = YES_AGGRESSIVE;
				CLANG_CXX_LANGUAGE_STANDARD = "gnu++20";
				CLANG_ENABLE_MODULES = YES;
				CLANG_ENABLE_OBJC_ARC = YES;
				CLANG_ENABLE_OBJC_WEAK = YES;
				CLANG_WARN_BLOCK_CAPTURE_AUTORELEASING = YES;
				CLANG_WARN_BOOL_CONVERSION = YES;
				CLANG_WARN_COMMA = YES;
				CLANG_WARN_CONSTANT_CONVERSION = YES;
				CLANG_WARN_DEPRECATED_OBJC_IMPLEMENTATIONS = YES;
				CLANG_WARN_DIRECT_OBJC_ISA_USAGE = YES_ERROR;
				CLANG_WARN_DOCUMENTATION_COMMENTS = YES;
				CLANG_WARN_EMPTY_BODY = YES;
				CLANG_WARN_ENUM_CONVERSION = YES;
				CLANG_WARN_INFINITE_RECURSION = YES;
				CLANG_WARN_INT_CONVERSION = YES;
				CLANG_WARN_NON_LITERAL_NULL_CONVERSION = YES;
				CLANG_WARN_OBJC_IMPLICIT_RETAIN_SELF = YES;
				CLANG_WARN_OBJC_LITERAL_CONVERSION = YES;
				CLANG_WARN_OBJC_ROOT_CLASS = YES_ERROR;
				CLANG_WARN_QUOTED_INCLUDE_IN_FRAMEWORK_HEADER = YES;
				CLANG_WARN_RANGE_LOOP_ANALYSIS = YES;
				CLANG_WARN_STRICT_PROTOTYPES = YES;
				CLANG_WARN_SUSPICIOUS_MOVE = YES;
				CLANG_WARN_UNGUARDED_AVAILABILITY = YES_AGGRESSIVE;
				CLANG_WARN_UNREACHABLE_CODE = YES;
				CLANG_WARN__DUPLICATE_METHOD_MATCH = YES;
				COPY_PHASE_STRIP = NO;
				DEBUG_INFORMATION_FORMAT = dwarf;
				ENABLE_STRICT_OBJC_MSGSEND = YES;
				ENABLE_TESTABILITY = YES;
				ENABLE_USER_SCRIPT_SANDBOXING = YES;
				GCC_C_LANGUAGE_STANDARD = gnu17;
				GCC_DYNAMIC_NO_PIC = NO;
				GCC_NO_COMMON_BLOCKS = YES;
				GCC_OPTIMIZATION_LEVEL = 0;
				GCC_PREPROCESSOR_DEFINITIONS = (
					"DEBUG=1",
					"$(inherited)",
				);
				GCC_WARN_64_TO_32_BIT_CONVERSION = YES;
				GCC_WARN_ABOUT_RETURN_TYPE = YES_ERROR;
				GCC_WARN_UNDECLARED_SELECTOR = YES;
				GCC_WARN_UNINITIALIZED_AUTOS = YES_AGGRESSIVE;
				GCC_WARN_UNUSED_FUNCTION = YES;
				GCC_WARN_UNUSED_VARIABLE = YES;
				IPHONEOS_DEPLOYMENT_TARGET = 16.0;
				LOCALIZATION_PREFERS_STRING_CATALOGS = YES;
				MTL_ENABLE_DEBUG_INFO = INCLUDE_SOURCE;
				MTL_FAST_MATH = YES;
				ONLY_ACTIVE_ARCH = YES;
				SDKROOT = iphoneos;
				SWIFT_ACTIVE_COMPILATION_CONDITIONS = "DEBUG $(inherited)";
				SWIFT_OPTIMIZATION_LEVEL = "-Onone";
			};
			name = Debug;
		};
		48A073712C6EF87B00795C41 /* Release */ = {
			isa = XCBuildConfiguration;
			buildSettings = {
				ALWAYS_SEARCH_USER_PATHS = NO;
				ASSETCATALOG_COMPILER_GENERATE_SWIFT_ASSET_SYMBOL_EXTENSIONS = YES;
				CLANG_ANALYZER_NONNULL = YES;
				CLANG_ANALYZER_NUMBER_OBJECT_CONVERSION = YES_AGGRESSIVE;
				CLANG_CXX_LANGUAGE_STANDARD = "gnu++20";
				CLANG_ENABLE_MODULES = YES;
				CLANG_ENABLE_OBJC_ARC = YES;
				CLANG_ENABLE_OBJC_WEAK = YES;
				CLANG_WARN_BLOCK_CAPTURE_AUTORELEASING = YES;
				CLANG_WARN_BOOL_CONVERSION = YES;
				CLANG_WARN_COMMA = YES;
				CLANG_WARN_CONSTANT_CONVERSION = YES;
				CLANG_WARN_DEPRECATED_OBJC_IMPLEMENTATIONS = YES;
				CLANG_WARN_DIRECT_OBJC_ISA_USAGE = YES_ERROR;
				CLANG_WARN_DOCUMENTATION_COMMENTS = YES;
				CLANG_WARN_EMPTY_BODY = YES;
				CLANG_WARN_ENUM_CONVERSION = YES;
				CLANG_WARN_INFINITE_RECURSION = YES;
				CLANG_WARN_INT_CONVERSION = YES;
				CLANG_WARN_NON_LITERAL_NULL_CONVERSION = YES;
				CLANG_WARN_OBJC_IMPLICIT_RETAIN_SELF = YES;
				CLANG_WARN_OBJC_LITERAL_CONVERSION = YES;
				CLANG_WARN_OBJC_ROOT_CLASS = YES_ERROR;
				CLANG_WARN_QUOTED_INCLUDE_IN_FRAMEWORK_HEADER = YES;
				CLANG_WARN_RANGE_LOOP_ANALYSIS = YES;
				CLANG_WARN_STRICT_PROTOTYPES = YES;
				CLANG_WARN_SUSPICIOUS_MOVE = YES;
				CLANG_WARN_UNGUARDED_AVAILABILITY = YES_AGGRESSIVE;
				CLANG_WARN_UNREACHABLE_CODE = YES;
				CLANG_WARN__DUPLICATE_METHOD_MATCH = YES;
				COPY_PHASE_STRIP = NO;
				DEBUG_INFORMATION_FORMAT = "dwarf-with-dsym";
				ENABLE_NS_ASSERTIONS = NO;
				ENABLE_STRICT_OBJC_MSGSEND = YES;
				ENABLE_USER_SCRIPT_SANDBOXING = YES;
				GCC_C_LANGUAGE_STANDARD = gnu17;
				GCC_NO_COMMON_BLOCKS = YES;
				GCC_WARN_64_TO_32_BIT_CONVERSION = YES;
				GCC_WARN_ABOUT_RETURN_TYPE = YES_ERROR;
				GCC_WARN_UNDECLARED_SELECTOR = YES;
				GCC_WARN_UNINITIALIZED_AUTOS = YES_AGGRESSIVE;
				GCC_WARN_UNUSED_FUNCTION = YES;
				GCC_WARN_UNUSED_VARIABLE = YES;
				IPHONEOS_DEPLOYMENT_TARGET = 16.0;
				LOCALIZATION_PREFERS_STRING_CATALOGS = YES;
				MTL_ENABLE_DEBUG_INFO = NO;
				MTL_FAST_MATH = YES;
				SDKROOT = iphoneos;
				SWIFT_COMPILATION_MODE = wholemodule;
				VALIDATE_PRODUCT = YES;
			};
			name = Release;
		};
		48A073732C6EF87B00795C41 /* Debug */ = {
			isa = XCBuildConfiguration;
			buildSettings = {
				ASSETCATALOG_COMPILER_APPICON_NAME = AppIcon;
				ASSETCATALOG_COMPILER_GLOBAL_ACCENT_COLOR_NAME = AccentColor;
				CODE_SIGN_STYLE = Automatic;
				CURRENT_PROJECT_VERSION = 1;
				ENABLE_USER_SCRIPT_SANDBOXING = NO;
				GENERATE_INFOPLIST_FILE = YES;
				INFOPLIST_FILE = BankAppDemo/Resources/Info.plist;
				INFOPLIST_KEY_UIApplicationSupportsIndirectInputEvents = YES;
				INFOPLIST_KEY_UILaunchStoryboardName = LaunchScreen;
				INFOPLIST_KEY_UISupportedInterfaceOrientations_iPad = "UIInterfaceOrientationPortrait UIInterfaceOrientationPortraitUpsideDown UIInterfaceOrientationLandscapeLeft UIInterfaceOrientationLandscapeRight";
				INFOPLIST_KEY_UISupportedInterfaceOrientations_iPhone = "UIInterfaceOrientationPortrait UIInterfaceOrientationLandscapeLeft UIInterfaceOrientationLandscapeRight";
				IPHONEOS_DEPLOYMENT_TARGET = 16.0;
				LD_RUNPATH_SEARCH_PATHS = (
					"$(inherited)",
					"@executable_path/Frameworks",
				);
				MARKETING_VERSION = 1.0;
				PRODUCT_BUNDLE_IDENTIFIER = tw.com.lenny.BankAppDemo;
				PRODUCT_NAME = "$(TARGET_NAME)";
				SWIFT_EMIT_LOC_STRINGS = YES;
				SWIFT_VERSION = 5.0;
				TARGETED_DEVICE_FAMILY = "1,2";
			};
			name = Debug;
		};
		48A073742C6EF87B00795C41 /* Release */ = {
			isa = XCBuildConfiguration;
			buildSettings = {
				ASSETCATALOG_COMPILER_APPICON_NAME = AppIcon;
				ASSETCATALOG_COMPILER_GLOBAL_ACCENT_COLOR_NAME = AccentColor;
				CODE_SIGN_STYLE = Automatic;
				CURRENT_PROJECT_VERSION = 1;
				ENABLE_USER_SCRIPT_SANDBOXING = NO;
				GENERATE_INFOPLIST_FILE = YES;
				INFOPLIST_FILE = BankAppDemo/Resources/Info.plist;
				INFOPLIST_KEY_UIApplicationSupportsIndirectInputEvents = YES;
				INFOPLIST_KEY_UILaunchStoryboardName = LaunchScreen;
				INFOPLIST_KEY_UISupportedInterfaceOrientations_iPad = "UIInterfaceOrientationPortrait UIInterfaceOrientationPortraitUpsideDown UIInterfaceOrientationLandscapeLeft UIInterfaceOrientationLandscapeRight";
				INFOPLIST_KEY_UISupportedInterfaceOrientations_iPhone = "UIInterfaceOrientationPortrait UIInterfaceOrientationLandscapeLeft UIInterfaceOrientationLandscapeRight";
				IPHONEOS_DEPLOYMENT_TARGET = 16.0;
				LD_RUNPATH_SEARCH_PATHS = (
					"$(inherited)",
					"@executable_path/Frameworks",
				);
				MARKETING_VERSION = 1.0;
				PRODUCT_BUNDLE_IDENTIFIER = tw.com.lenny.BankAppDemo;
				PRODUCT_NAME = "$(TARGET_NAME)";
				SWIFT_EMIT_LOC_STRINGS = YES;
				SWIFT_VERSION = 5.0;
				TARGETED_DEVICE_FAMILY = "1,2";
			};
			name = Release;
		};
		48A073762C6EF87B00795C41 /* Debug */ = {
			isa = XCBuildConfiguration;
			buildSettings = {
				ALWAYS_EMBED_SWIFT_STANDARD_LIBRARIES = YES;
				BUNDLE_LOADER = "$(TEST_HOST)";
				CODE_SIGN_STYLE = Automatic;
				CURRENT_PROJECT_VERSION = 1;
				GENERATE_INFOPLIST_FILE = YES;
				IPHONEOS_DEPLOYMENT_TARGET = 17.5;
				MARKETING_VERSION = 1.0;
				PRODUCT_BUNDLE_IDENTIFIER = tw.com.lenny.BankAppDemoTests;
				PRODUCT_NAME = "$(TARGET_NAME)";
				SWIFT_EMIT_LOC_STRINGS = NO;
				SWIFT_VERSION = 5.0;
				TARGETED_DEVICE_FAMILY = "1,2";
				TEST_HOST = "$(BUILT_PRODUCTS_DIR)/BankAppDemo.app/$(BUNDLE_EXECUTABLE_FOLDER_PATH)/BankAppDemo";
			};
			name = Debug;
		};
		48A073772C6EF87B00795C41 /* Release */ = {
			isa = XCBuildConfiguration;
			buildSettings = {
				ALWAYS_EMBED_SWIFT_STANDARD_LIBRARIES = YES;
				BUNDLE_LOADER = "$(TEST_HOST)";
				CODE_SIGN_STYLE = Automatic;
				CURRENT_PROJECT_VERSION = 1;
				GENERATE_INFOPLIST_FILE = YES;
				IPHONEOS_DEPLOYMENT_TARGET = 17.5;
				MARKETING_VERSION = 1.0;
				PRODUCT_BUNDLE_IDENTIFIER = tw.com.lenny.BankAppDemoTests;
				PRODUCT_NAME = "$(TARGET_NAME)";
				SWIFT_EMIT_LOC_STRINGS = NO;
				SWIFT_VERSION = 5.0;
				TARGETED_DEVICE_FAMILY = "1,2";
				TEST_HOST = "$(BUILT_PRODUCTS_DIR)/BankAppDemo.app/$(BUNDLE_EXECUTABLE_FOLDER_PATH)/BankAppDemo";
			};
			name = Release;
		};
		48A073792C6EF87B00795C41 /* Debug */ = {
			isa = XCBuildConfiguration;
			buildSettings = {
				ALWAYS_EMBED_SWIFT_STANDARD_LIBRARIES = YES;
				CODE_SIGN_STYLE = Automatic;
				CURRENT_PROJECT_VERSION = 1;
				GENERATE_INFOPLIST_FILE = YES;
				MARKETING_VERSION = 1.0;
				PRODUCT_BUNDLE_IDENTIFIER = tw.com.lenny.BankAppDemoUITests;
				PRODUCT_NAME = "$(TARGET_NAME)";
				SWIFT_EMIT_LOC_STRINGS = NO;
				SWIFT_VERSION = 5.0;
				TARGETED_DEVICE_FAMILY = "1,2";
				TEST_TARGET_NAME = BankAppDemo;
			};
			name = Debug;
		};
		48A0737A2C6EF87B00795C41 /* Release */ = {
			isa = XCBuildConfiguration;
			buildSettings = {
				ALWAYS_EMBED_SWIFT_STANDARD_LIBRARIES = YES;
				CODE_SIGN_STYLE = Automatic;
				CURRENT_PROJECT_VERSION = 1;
				GENERATE_INFOPLIST_FILE = YES;
				MARKETING_VERSION = 1.0;
				PRODUCT_BUNDLE_IDENTIFIER = tw.com.lenny.BankAppDemoUITests;
				PRODUCT_NAME = "$(TARGET_NAME)";
				SWIFT_EMIT_LOC_STRINGS = NO;
				SWIFT_VERSION = 5.0;
				TARGETED_DEVICE_FAMILY = "1,2";
				TEST_TARGET_NAME = BankAppDemo;
			};
			name = Release;
		};
/* End XCBuildConfiguration section */

/* Begin XCConfigurationList section */
		48A073432C6EF87A00795C41 /* Build configuration list for PBXProject "BankAppDemo" */ = {
			isa = XCConfigurationList;
			buildConfigurations = (
				48A073702C6EF87B00795C41 /* Debug */,
				48A073712C6EF87B00795C41 /* Release */,
			);
			defaultConfigurationIsVisible = 0;
			defaultConfigurationName = Release;
		};
		48A073722C6EF87B00795C41 /* Build configuration list for PBXNativeTarget "BankAppDemo" */ = {
			isa = XCConfigurationList;
			buildConfigurations = (
				48A073732C6EF87B00795C41 /* Debug */,
				48A073742C6EF87B00795C41 /* Release */,
			);
			defaultConfigurationIsVisible = 0;
			defaultConfigurationName = Release;
		};
		48A073752C6EF87B00795C41 /* Build configuration list for PBXNativeTarget "BankAppDemoTests" */ = {
			isa = XCConfigurationList;
			buildConfigurations = (
				48A073762C6EF87B00795C41 /* Debug */,
				48A073772C6EF87B00795C41 /* Release */,
			);
			defaultConfigurationIsVisible = 0;
			defaultConfigurationName = Release;
		};
		48A073782C6EF87B00795C41 /* Build configuration list for PBXNativeTarget "BankAppDemoUITests" */ = {
			isa = XCConfigurationList;
			buildConfigurations = (
				48A073792C6EF87B00795C41 /* Debug */,
				48A0737A2C6EF87B00795C41 /* Release */,
			);
			defaultConfigurationIsVisible = 0;
			defaultConfigurationName = Release;
		};
/* End XCConfigurationList section */

/* Begin XCRemoteSwiftPackageReference section */
		4836BE572C6F317B00D0E84D /* XCRemoteSwiftPackageReference "SnapKit" */ = {
			isa = XCRemoteSwiftPackageReference;
			repositoryURL = "https://github.com/SnapKit/SnapKit.git";
			requirement = {
				kind = upToNextMajorVersion;
				minimumVersion = 5.7.1;
			};
		};
/* End XCRemoteSwiftPackageReference section */
	};
	rootObject = 48A073402C6EF87A00795C41 /* Project object */;
}
